
Microsoft Visual Studio Solution File, Format Version 12.00
# Visual Studio 15
VisualStudioVersion = 15.0.27004.2005
MinimumVisualStudioVersion = 10.0.40219.1
Project("{FAE04EC0-301F-11D3-BF4B-00C04F79EFBC}") = "VSHelloWorld_150221056", "VSHelloWorld_150221056\VSHelloWorld_150221056.csproj", "{2C415366-0639-4CC9-B68B-606895451E9D}"
EndProject
Global
	GlobalSection(SolutionConfigurationPlatforms) = preSolution
		Debug|Any CPU = Debug|Any CPU
		Release|Any CPU = Release|Any CPU
	EndGlobalSection
	GlobalSection(ProjectConfigurationPlatforms) = postSolution
		{2C415366-0639-4CC9-B68B-606895451E9D}.Debug|Any CPU.ActiveCfg = Debug|Any CPU
		{2C415366-0639-4CC9-B68B-606895451E9D}.Debug|Any CPU.Build.0 = Debug|Any CPU
		{2C415366-0639-4CC9-B68B-606895451E9D}.Release|Any CPU.ActiveCfg = Release|Any CPU
		{2C415366-0639-4CC9-B68B-606895451E9D}.Release|Any CPU.Build.0 = Release|Any CPU
	EndGlobalSection
	GlobalSection(SolutionProperties) = preSolution
		HideSolutionNode = FALSE
	EndGlobalSection
	GlobalSection(ExtensibilityGlobals) = postSolution
		SolutionGuid = {27DE9007-786B-4118-AD9E-F24AC6E0F20C}
	EndGlobalSection
EndGlobal
